
Microsoft Visual Studio Solution File, Format Version 12.00
# Visual Studio Version 17
VisualStudioVersion = 17.3.32901.215
MinimumVisualStudioVersion = 10.0.40219.1
Project("{FAE04EC0-301F-11D3-BF4B-00C04F79EFBC}") = "t-board-backend", "t-board-backend\t-board-backend.csproj", "{12D3F0F8-B204-4338-9D94-09A94415469A}"
EndProject
Global
	GlobalSection(SolutionConfigurationPlatforms) = preSolution
		Debug|Any CPU = Debug|Any CPU
		Release|Any CPU = Release|Any CPU
	EndGlobalSection
	GlobalSection(ProjectConfigurationPlatforms) = postSolution
		{12D3F0F8-B204-4338-9D94-09A94415469A}.Debug|Any CPU.ActiveCfg = Debug|Any CPU
		{12D3F0F8-B204-4338-9D94-09A94415469A}.Debug|Any CPU.Build.0 = Debug|Any CPU
		{12D3F0F8-B204-4338-9D94-09A94415469A}.Release|Any CPU.ActiveCfg = Release|Any CPU
		{12D3F0F8-B204-4338-9D94-09A94415469A}.Release|Any CPU.Build.0 = Release|Any CPU
	EndGlobalSection
	GlobalSection(SolutionProperties) = preSolution
		HideSolutionNode = FALSE
	EndGlobalSection
	GlobalSection(ExtensibilityGlobals) = postSolution
		SolutionGuid = {DA64166E-854C-472F-BED5-F9A6A646E897}
	EndGlobalSection
EndGlobal
